
Microsoft Visual Studio Solution File, Format Version 12.00
# Visual Studio Version 17
VisualStudioVersion = 17.0.31903.59
MinimumVisualStudioVersion = 10.0.40219.1
Project("{2150E333-8FDC-42A3-9474-1A3956D46DE8}") = "src", "src", "{AD2D205C-5139-478B-AEAC-4021FF5915BA}"
EndProject
Project("{FAE04EC0-301F-11D3-BF4B-00C04F79EFBC}") = "AutonomousMarketingPlatform.Domain", "src\AutonomousMarketingPlatform.Domain\AutonomousMarketingPlatform.Domain.csproj", "{72209730-B700-4BE4-82EA-2093386EF2D5}"
EndProject
Project("{FAE04EC0-301F-11D3-BF4B-00C04F79EFBC}") = "AutonomousMarketingPlatform.Application", "src\AutonomousMarketingPlatform.Application\AutonomousMarketingPlatform.Application.csproj", "{02EDBEDD-54E8-435F-AEB1-BCDF6B2EAC94}"
EndProject
Project("{FAE04EC0-301F-11D3-BF4B-00C04F79EFBC}") = "AutonomousMarketingPlatform.Infrastructure", "src\AutonomousMarketingPlatform.Infrastructure\AutonomousMarketingPlatform.Infrastructure.csproj", "{04583450-9685-4FA0-99C3-48601D19C9B8}"
EndProject
Project("{FAE04EC0-301F-11D3-BF4B-00C04F79EFBC}") = "AutonomousMarketingPlatform.Web", "src\AutonomousMarketingPlatform.Web\AutonomousMarketingPlatform.Web.csproj", "{416EFF2A-CDA5-47F7-8681-DE4DC4842EB5}"
EndProject
Global
	GlobalSection(SolutionConfigurationPlatforms) = preSolution
		Debug|Any CPU = Debug|Any CPU
		Release|Any CPU = Release|Any CPU
	EndGlobalSection
	GlobalSection(SolutionProperties) = preSolution
		HideSolutionNode = FALSE
	EndGlobalSection
	GlobalSection(ProjectConfigurationPlatforms) = postSolution
		{72209730-B700-4BE4-82EA-2093386EF2D5}.Debug|Any CPU.ActiveCfg = Debug|Any CPU
		{72209730-B700-4BE4-82EA-2093386EF2D5}.Debug|Any CPU.Build.0 = Debug|Any CPU
		{72209730-B700-4BE4-82EA-2093386EF2D5}.Release|Any CPU.ActiveCfg = Release|Any CPU
		{72209730-B700-4BE4-82EA-2093386EF2D5}.Release|Any CPU.Build.0 = Release|Any CPU
		{02EDBEDD-54E8-435F-AEB1-BCDF6B2EAC94}.Debug|Any CPU.ActiveCfg = Debug|Any CPU
		{02EDBEDD-54E8-435F-AEB1-BCDF6B2EAC94}.Debug|Any CPU.Build.0 = Debug|Any CPU
		{02EDBEDD-54E8-435F-AEB1-BCDF6B2EAC94}.Release|Any CPU.ActiveCfg = Release|Any CPU
		{02EDBEDD-54E8-435F-AEB1-BCDF6B2EAC94}.Release|Any CPU.Build.0 = Release|Any CPU
		{04583450-9685-4FA0-99C3-48601D19C9B8}.Debug|Any CPU.ActiveCfg = Debug|Any CPU
		{04583450-9685-4FA0-99C3-48601D19C9B8}.Debug|Any CPU.Build.0 = Debug|Any CPU
		{04583450-9685-4FA0-99C3-48601D19C9B8}.Release|Any CPU.ActiveCfg = Release|Any CPU
		{04583450-9685-4FA0-99C3-48601D19C9B8}.Release|Any CPU.Build.0 = Release|Any CPU
		{416EFF2A-CDA5-47F7-8681-DE4DC4842EB5}.Debug|Any CPU.ActiveCfg = Debug|Any CPU
		{416EFF2A-CDA5-47F7-8681-DE4DC4842EB5}.Debug|Any CPU.Build.0 = Debug|Any CPU
		{416EFF2A-CDA5-47F7-8681-DE4DC4842EB5}.Release|Any CPU.ActiveCfg = Release|Any CPU
		{416EFF2A-CDA5-47F7-8681-DE4DC4842EB5}.Release|Any CPU.Build.0 = Release|Any CPU
	EndGlobalSection
	GlobalSection(NestedProjects) = preSolution
		{72209730-B700-4BE4-82EA-2093386EF2D5} = {AD2D205C-5139-478B-AEAC-4021FF5915BA}
		{02EDBEDD-54E8-435F-AEB1-BCDF6B2EAC94} = {AD2D205C-5139-478B-AEAC-4021FF5915BA}
		{04583450-9685-4FA0-99C3-48601D19C9B8} = {AD2D205C-5139-478B-AEAC-4021FF5915BA}
		{416EFF2A-CDA5-47F7-8681-DE4DC4842EB5} = {AD2D205C-5139-478B-AEAC-4021FF5915BA}
	EndGlobalSection
EndGlobal
